// !$*UTF8*$!
{
	archiveVersion = 1;
	classes = {
	};
	objectVersion = 46;
	objects = {

/* Begin PBXBuildFile section */
		5E4953781B04534600EA681C /* AppDelegate.swift in Sources */ = {isa = PBXBuildFile; fileRef = 5E4953771B04534600EA681C /* AppDelegate.swift */; };
		5E49537A1B04534600EA681C /* ViewController.swift in Sources */ = {isa = PBXBuildFile; fileRef = 5E4953791B04534600EA681C /* ViewController.swift */; };
		5E49537D1B04534600EA681C /* Main.storyboard in Resources */ = {isa = PBXBuildFile; fileRef = 5E49537B1B04534600EA681C /* Main.storyboard */; };
		5E49537F1B04534600EA681C /* Images.xcassets in Resources */ = {isa = PBXBuildFile; fileRef = 5E49537E1B04534600EA681C /* Images.xcassets */; };
		5E4953821B04534600EA681C /* LaunchScreen.xib in Resources */ = {isa = PBXBuildFile; fileRef = 5E4953801B04534600EA681C /* LaunchScreen.xib */; };
		5E49538E1B04534600EA681C /* firstApp01Tests.swift in Sources */ = {isa = PBXBuildFile; fileRef = 5E49538D1B04534600EA681C /* firstApp01Tests.swift */; };
/* End PBXBuildFile section */

/* Begin PBXContainerItemProxy section */
		5E4953881B04534600EA681C /* PBXContainerItemProxy */ = {
			isa = PBXContainerItemProxy;
			containerPortal = 5E49536A1B04534600EA681C /* Project object */;
			proxyType = 1;
			remoteGlobalIDString = 5E4953711B04534600EA681C;
			remoteInfo = firstApp01;
		};
/* End PBXContainerItemProxy section */

/* Begin PBXFileReference section */
		5E4953721B04534600EA681C /* firstApp01.app */ = {isa = PBXFileReference; explicitFileType = wrapper.application; includeInIndex = 0; path = firstApp01.app; sourceTree = BUILT_PRODUCTS_DIR; };
		5E4953761B04534600EA681C /* Info.plist */ = {isa = PBXFileReference; lastKnownFileType = text.plist.xml; path = Info.plist; sourceTree = "<group>"; };
		5E4953771B04534600EA681C /* AppDelegate.swift */ = {isa = PBXFileReference; lastKnownFileType = sourcecode.swift; path = AppDelegate.swift; sourceTree = "<group>"; };
		5E4953791B04534600EA681C /* ViewController.swift */ = {isa = PBXFileReference; lastKnownFileType = sourcecode.swift; path = ViewController.swift; sourceTree = "<group>"; };
		5E49537C1B04534600EA681C /* Base */ = {isa = PBXFileReference; lastKnownFileType = file.storyboard; name = Base; path = Base.lproj/Main.storyboard; sourceTree = "<group>"; };
		5E49537E1B04534600EA681C /* Images.xcassets */ = {isa = PBXFileReference; lastKnownFileType = folder.assetcatalog; path = Images.xcassets; sourceTree = "<group>"; };
		5E4953811B04534600EA681C /* Base */ = {isa = PBXFileReference; lastKnownFileType = file.xib; name = Base; path = Base.lproj/LaunchScreen.xib; sourceTree = "<group>"; };
		5E4953871B04534600EA681C /* firstApp01Tests.xctest */ = {isa = PBXFileReference; explicitFileType = wrapper.cfbundle; includeInIndex = 0; path = firstApp01Tests.xctest; sourceTree = BUILT_PRODUCTS_DIR; };
		5E49538C1B04534600EA681C /* Info.plist */ = {isa = PBXFileReference; lastKnownFileType = text.plist.xml; path = Info.plist; sourceTree = "<group>"; };
		5E49538D1B04534600EA681C /* firstApp01Tests.swift */ = {isa = PBXFileReference; lastKnownFileType = sourcecode.swift; path = firstApp01Tests.swift; sourceTree = "<group>"; };
/* End PBXFileReference section */

/* Begin PBXFrameworksBuildPhase section */
		5E49536F1B04534600EA681C /* Frameworks */ = {
			isa = PBXFrameworksBuildPhase;
			buildActionMask = 2147483647;
			files = (
			);
			runOnlyForDeploymentPostprocessing = 0;
		};
		5E4953841B04534600EA681C /* Frameworks */ = {
			isa = PBXFrameworksBuildPhase;
			buildActionMask = 2147483647;
			files = (
			);
			runOnlyForDeploymentPostprocessing = 0;
		};
/* End PBXFrameworksBuildPhase section */

/* Begin PBXGroup section */
		5E4953691B04534600EA681C = {
			isa = PBXGroup;
			children = (
				5E4953741B04534600EA681C /* firstApp01 */,
				5E49538A1B04534600EA681C /* firstApp01Tests */,
				5E4953731B04534600EA681C /* Products */,
			);
			sourceTree = "<group>";
		};
		5E4953731B04534600EA681C /* Products */ = {
			isa = PBXGroup;
			children = (
				5E4953721B04534600EA681C /* firstApp01.app */,
				5E4953871B04534600EA681C /* firstApp01Tests.xctest */,
			);
			name = Products;
			sourceTree = "<group>";
		};
		5E4953741B04534600EA681C /* firstApp01 */ = {
			isa = PBXGroup;
			children = (
				5E4953771B04534600EA681C /* AppDelegate.swift */,
				5E4953791B04534600EA681C /* ViewController.swift */,
				5E49537B1B04534600EA681C /* Main.storyboard */,
				5E49537E1B04534600EA681C /* Images.xcassets */,
				5E4953801B04534600EA681C /* LaunchScreen.xib */,
				5E4953751B04534600EA681C /* Supporting Files */,
			);
			path = firstApp01;
			sourceTree = "<group>";
		};
		5E4953751B04534600EA681C /* Supporting Files */ = {
			isa = PBXGroup;
			children = (
				5E4953761B04534600EA681C /* Info.plist */,
			);
			name = "Supporting Files";
			sourceTree = "<group>";
		};
		5E49538A1B04534600EA681C /* firstApp01Tests */ = {
			isa = PBXGroup;
			children = (
				5E49538D1B04534600EA681C /* firstApp01Tests.swift */,
				5E49538B1B04534600EA681C /* Supporting Files */,
			);
			path = firstApp01Tests;
			sourceTree = "<group>";
		};
		5E49538B1B04534600EA681C /* Supporting Files */ = {
			isa = PBXGroup;
			children = (
				5E49538C1B04534600EA681C /* Info.plist */,
			);
			name = "Supporting Files";
			sourceTree = "<group>";
		};
/* End PBXGroup section */

/* Begin PBXNativeTarget section */
		5E4953711B04534600EA681C /* firstApp01 */ = {
			isa = PBXNativeTarget;
			buildConfigurationList = 5E4953911B04534600EA681C /* Build configuration list for PBXNativeTarget "firstApp01" */;
			buildPhases = (
				5E49536E1B04534600EA681C /* Sources */,
				5E49536F1B04534600EA681C /* Frameworks */,
				5E4953701B04534600EA681C /* Resources */,
			);
			buildRules = (
			);
			dependencies = (
			);
			name = firstApp01;
			productName = firstApp01;
			productReference = 5E4953721B04534600EA681C /* firstApp01.app */;
			productType = "com.apple.product-type.application";
		};
		5E4953861B04534600EA681C /* firstApp01Tests */ = {
			isa = PBXNativeTarget;
			buildConfigurationList = 5E4953941B04534600EA681C /* Build configuration list for PBXNativeTarget "firstApp01Tests" */;
			buildPhases = (
				5E4953831B04534600EA681C /* Sources */,
				5E4953841B04534600EA681C /* Frameworks */,
				5E4953851B04534600EA681C /* Resources */,
			);
			buildRules = (
			);
			dependencies = (
				5E4953891B04534600EA681C /* PBXTargetDependency */,
			);
			name = firstApp01Tests;
			productName = firstApp01Tests;
			productReference = 5E4953871B04534600EA681C /* firstApp01Tests.xctest */;
			productType = "com.apple.product-type.bundle.unit-test";
		};
/* End PBXNativeTarget section */

/* Begin PBXProject section */
		5E49536A1B04534600EA681C /* Project object */ = {
			isa = PBXProject;
			attributes = {
				LastUpgradeCheck = 0630;
				ORGANIZATIONNAME = "Kodai Sato";
				TargetAttributes = {
					5E4953711B04534600EA681C = {
						CreatedOnToolsVersion = 6.3.1;
					};
					5E4953861B04534600EA681C = {
						CreatedOnToolsVersion = 6.3.1;
						TestTargetID = 5E4953711B04534600EA681C;
					};
				};
			};
			buildConfigurationList = 5E49536D1B04534600EA681C /* Build configuration list for PBXProject "firstApp01" */;
			compatibilityVersion = "Xcode 3.2";
			developmentRegion = English;
			hasScannedForEncodings = 0;
			knownRegions = (
				en,
				Base,
			);
			mainGroup = 5E4953691B04534600EA681C;
			productRefGroup = 5E4953731B04534600EA681C /* Products */;
			projectDirPath = "";
			projectRoot = "";
			targets = (
				5E4953711B04534600EA681C /* firstApp01 */,
				5E4953861B04534600EA681C /* firstApp01Tests */,
			);
		};
/* End PBXProject section */

/* Begin PBXResourcesBuildPhase section */
		5E4953701B04534600EA681C /* Resources */ = {
			isa = PBXResourcesBuildPhase;
			buildActionMask = 2147483647;
			files = (
				5E49537D1B04534600EA681C /* Main.storyboard in Resources */,
				5E4953821B04534600EA681C /* LaunchScreen.xib in Resources */,
				5E49537F1B04534600EA681C /* Images.xcassets in Resources */,
			);
			runOnlyForDeploymentPostprocessing = 0;
		};
		5E4953851B04534600EA681C /* Resources */ = {
			isa = PBXResourcesBuildPhase;
			buildActionMask = 2147483647;
			files = (
			);
			runOnlyForDeploymentPostprocessing = 0;
		};
/* End PBXResourcesBuildPhase section */

/* Begin PBXSourcesBuildPhase section */
		5E49536E1B04534600EA681C /* Sources */ = {
			isa = PBXSourcesBuildPhase;
			buildActionMask = 2147483647;
			files = (
				5E49537A1B04534600EA681C /* ViewController.swift in Sources */,
				5E4953781B04534600EA681C /* AppDelegate.swift in Sources */,
			);
			runOnlyForDeploymentPostprocessing = 0;
		};
		5E4953831B04534600EA681C /* Sources */ = {
			isa = PBXSourcesBuildPhase;
			buildActionMask = 2147483647;
			files = (
				5E49538E1B04534600EA681C /* firstApp01Tests.swift in Sources */,
			);
			runOnlyForDeploymentPostprocessing = 0;
		};
/* End PBXSourcesBuildPhase section */

/* Begin PBXTargetDependency section */
		5E4953891B04534600EA681C /* PBXTargetDependency */ = {
			isa = PBXTargetDependency;
			target = 5E4953711B04534600EA681C /* firstApp01 */;
			targetProxy = 5E4953881B04534600EA681C /* PBXContainerItemProxy */;
		};
/* End PBXTargetDependency section */

/* Begin PBXVariantGroup section */
		5E49537B1B04534600EA681C /* Main.storyboard */ = {
			isa = PBXVariantGroup;
			children = (
				5E49537C1B04534600EA681C /* Base */,
			);
			name = Main.storyboard;
			sourceTree = "<group>";
		};
		5E4953801B04534600EA681C /* LaunchScreen.xib */ = {
			isa = PBXVariantGroup;
			children = (
				5E4953811B04534600EA681C /* Base */,
			);
			name = LaunchScreen.xib;
			sourceTree = "<group>";
		};
/* End PBXVariantGroup section */

/* Begin XCBuildConfiguration section */
		5E49538F1B04534600EA681C /* Debug */ = {
			isa = XCBuildConfiguration;
			buildSettings = {
				ALWAYS_SEARCH_USER_PATHS = NO;
				CLANG_CXX_LANGUAGE_STANDARD = "gnu++0x";
				CLANG_CXX_LIBRARY = "libc++";
				CLANG_ENABLE_MODULES = YES;
				CLANG_ENABLE_OBJC_ARC = YES;
				CLANG_WARN_BOOL_CONVERSION = YES;
				CLANG_WARN_CONSTANT_CONVERSION = YES;
				CLANG_WARN_DIRECT_OBJC_ISA_USAGE = YES_ERROR;
				CLANG_WARN_EMPTY_BODY = YES;
				CLANG_WARN_ENUM_CONVERSION = YES;
				CLANG_WARN_INT_CONVERSION = YES;
				CLANG_WARN_OBJC_ROOT_CLASS = YES_ERROR;
				CLANG_WARN_UNREACHABLE_CODE = YES;
				CLANG_WARN__DUPLICATE_METHOD_MATCH = YES;
				"CODE_SIGN_IDENTITY[sdk=iphoneos*]" = "iPhone Developer";
				COPY_PHASE_STRIP = NO;
				DEBUG_INFORMATION_FORMAT = "dwarf-with-dsym";
				ENABLE_STRICT_OBJC_MSGSEND = YES;
				GCC_C_LANGUAGE_STANDARD = gnu99;
				GCC_DYNAMIC_NO_PIC = NO;
				GCC_NO_COMMON_BLOCKS = YES;
				GCC_OPTIMIZATION_LEVEL = 0;
				GCC_PREPROCESSOR_DEFINITIONS = (
					"DEBUG=1",
					"$(inherited)",
				);
				GCC_SYMBOLS_PRIVATE_EXTERN = NO;
				GCC_WARN_64_TO_32_BIT_CONVERSION = YES;
				GCC_WARN_ABOUT_RETURN_TYPE = YES_ERROR;
				GCC_WARN_UNDECLARED_SELECTOR = YES;
				GCC_WARN_UNINITIALIZED_AUTOS = YES_AGGRESSIVE;
				GCC_WARN_UNUSED_FUNCTION = YES;
				GCC_WARN_UNUSED_VARIABLE = YES;
				IPHONEOS_DEPLOYMENT_TARGET = 8.3;
				MTL_ENABLE_DEBUG_INFO = YES;
				ONLY_ACTIVE_ARCH = YES;
				SDKROOT = iphoneos;
				SWIFT_OPTIMIZATION_LEVEL = "-Onone";
				TARGETED_DEVICE_FAMILY = 2;
			};
			name = Debug;
		};
		5E4953901B04534600EA681C /* Release */ = {
			isa = XCBuildConfiguration;
			buildSettings = {
				ALWAYS_SEARCH_USER_PATHS = NO;
				CLANG_CXX_LANGUAGE_STANDARD = "gnu++0x";
				CLANG_CXX_LIBRARY = "libc++";
				CLANG_ENABLE_MODULES = YES;
				CLANG_ENABLE_OBJC_ARC = YES;
				CLANG_WARN_BOOL_CONVERSION = YES;
				CLANG_WARN_CONSTANT_CONVERSION = YES;
				CLANG_WARN_DIRECT_OBJC_ISA_USAGE = YES_ERROR;
				CLANG_WARN_EMPTY_BODY = YES;
				CLANG_WARN_ENUM_CONVERSION = YES;
				CLANG_WARN_INT_CONVERSION = YES;
				CLANG_WARN_OBJC_ROOT_CLASS = YES_ERROR;
				CLANG_WARN_UNREACHABLE_CODE = YES;
				CLANG_WARN__DUPLICATE_METHOD_MATCH = YES;
				"CODE_SIGN_IDENTITY[sdk=iphoneos*]" = "iPhone Developer";
				COPY_PHASE_STRIP = NO;
				DEBUG_INFORMATION_FORMAT = "dwarf-with-dsym";
				ENABLE_NS_ASSERTIONS = NO;
				ENABLE_STRICT_OBJC_MSGSEND = YES;
				GCC_C_LANGUAGE_STANDARD = gnu99;
				GCC_NO_COMMON_BLOCKS = YES;
				GCC_WARN_64_TO_32_BIT_CONVERSION = YES;
				GCC_WARN_ABOUT_RETURN_TYPE = YES_ERROR;
				GCC_WARN_UNDECLARED_SELECTOR = YES;
				GCC_WARN_UNINITIALIZED_AUTOS = YES_AGGRESSIVE;
				GCC_WARN_UNUSED_FUNCTION = YES;
				GCC_WARN_UNUSED_VARIABLE = YES;
				IPHONEOS_DEPLOYMENT_TARGET = 8.3;
				MTL_ENABLE_DEBUG_INFO = NO;
				SDKROOT = iphoneos;
				TARGETED_DEVICE_FAMILY = 2;
				VALIDATE_PRODUCT = YES;
			};
			name = Release;
		};
		5E4953921B04534600EA681C /* Debug */ = {
			isa = XCBuildConfiguration;
			buildSettings = {
				ASSETCATALOG_COMPILER_APPICON_NAME = AppIcon;
				INFOPLIST_FILE = firstApp01/Info.plist;
				LD_RUNPATH_SEARCH_PATHS = "$(inherited) @executable_path/Frameworks";
				PRODUCT_NAME = "$(TARGET_NAME)";
			};
			name = Debug;
		};
		5E4953931B04534600EA681C /* Release */ = {
			isa = XCBuildConfiguration;
			buildSettings = {
				ASSETCATALOG_COMPILER_APPICON_NAME = AppIcon;
				INFOPLIST_FILE = firstApp01/Info.plist;
				LD_RUNPATH_SEARCH_PATHS = "$(inherited) @executable_path/Frameworks";
				PRODUCT_NAME = "$(TARGET_NAME)";
			};
			name = Release;
		};
		5E4953951B04534600EA681C /* Debug */ = {
			isa = XCBuildConfiguration;
			buildSettings = {
				BUNDLE_LOADER = "$(TEST_HOST)";
				FRAMEWORK_SEARCH_PATHS = (
					"$(SDKROOT)/Developer/Library/Frameworks",
					"$(inherited)",
				);
				GCC_PREPROCESSOR_DEFINITIONS = (
					"DEBUG=1",
					"$(inherited)",
				);
				INFOPLIST_FILE = firstApp01Tests/Info.plist;
				LD_RUNPATH_SEARCH_PATHS = "$(inherited) @executable_path/Frameworks @loader_path/Frameworks";
				PRODUCT_NAME = "$(TARGET_NAME)";
				TEST_HOST = "$(BUILT_PRODUCTS_DIR)/firstApp01.app/firstApp01";
			};
			name = Debug;
		};
		5E4953961B04534600EA681C /* Release */ = {
			isa = XCBuildConfiguration;
			buildSettings = {
				BUNDLE_LOADER = "$(TEST_HOST)";
				FRAMEWORK_SEARCH_PATHS = (
					"$(SDKROOT)/Developer/Library/Frameworks",
					"$(inherited)",
				);
				INFOPLIST_FILE = firstApp01Tests/Info.plist;
				LD_RUNPATH_SEARCH_PATHS = "$(inherited) @executable_path/Frameworks @loader_path/Frameworks";
				PRODUCT_NAME = "$(TARGET_NAME)";
				TEST_HOST = "$(BUILT_PRODUCTS_DIR)/firstApp01.app/firstApp01";
			};
			name = Release;
		};
/* End XCBuildConfiguration section */

/* Begin XCConfigurationList section */
		5E49536D1B04534600EA681C /* Build configuration list for PBXProject "firstApp01" */ = {
			isa = XCConfigurationList;
			buildConfigurations = (
				5E49538F1B04534600EA681C /* Debug */,
				5E4953901B04534600EA681C /* Release */,
			);
			defaultConfigurationIsVisible = 0;
			defaultConfigurationName = Release;
		};
		5E4953911B04534600EA681C /* Build configuration list for PBXNativeTarget "firstApp01" */ = {
			isa = XCConfigurationList;
			buildConfigurations = (
				5E4953921B04534600EA681C /* Debug */,
				5E4953931B04534600EA681C /* Release */,
			);
			defaultConfigurationIsVisible = 0;
		};
		5E4953941B04534600EA681C /* Build configuration list for PBXNativeTarget "firstApp01Tests" */ = {
			isa = XCConfigurationList;
			buildConfigurations = (
				5E4953951B04534600EA681C /* Debug */,
				5E4953961B04534600EA681C /* Release */,
			);
			defaultConfigurationIsVisible = 0;
		};
/* End XCConfigurationList section */
	};
	rootObject = 5E49536A1B04534600EA681C /* Project object */;
}
